
Microsoft Visual Studio Solution File, Format Version 12.00
# Visual Studio Version 17
VisualStudioVersion = 17.2.32616.157
MinimumVisualStudioVersion = 10.0.40219.1
Project("{FAE04EC0-301F-11D3-BF4B-00C04F79EFBC}") = "WebApiWK6", "WebApiWK6\WebApiWK6.csproj", "{0B14D630-907C-441B-A5A1-0FBED5D91151}"
EndProject
Global
	GlobalSection(SolutionConfigurationPlatforms) = preSolution
		Debug|Any CPU = Debug|Any CPU
		Release|Any CPU = Release|Any CPU
	EndGlobalSection
	GlobalSection(ProjectConfigurationPlatforms) = postSolution
		{0B14D630-907C-441B-A5A1-0FBED5D91151}.Debug|Any CPU.ActiveCfg = Debug|Any CPU
		{0B14D630-907C-441B-A5A1-0FBED5D91151}.Debug|Any CPU.Build.0 = Debug|Any CPU
		{0B14D630-907C-441B-A5A1-0FBED5D91151}.Release|Any CPU.ActiveCfg = Release|Any CPU
		{0B14D630-907C-441B-A5A1-0FBED5D91151}.Release|Any CPU.Build.0 = Release|Any CPU
	EndGlobalSection
	GlobalSection(SolutionProperties) = preSolution
		HideSolutionNode = FALSE
	EndGlobalSection
	GlobalSection(ExtensibilityGlobals) = postSolution
		SolutionGuid = {4AAB7270-ED49-46B0-85CD-6A7398342E79}
	EndGlobalSection
EndGlobal
